// !$*UTF8*$!
{
	archiveVersion = 1;
	classes = {
	};
	objectVersion = 50;
	objects = {

/* Begin PBXBuildFile section */
		0C3E251825B93A2700618504 /* AppDelegate.swift in Sources */ = {isa = PBXBuildFile; fileRef = 0C3E251725B93A2700618504 /* AppDelegate.swift */; };
		0C3E251A25B93A2700618504 /* art.scnassets in Resources */ = {isa = PBXBuildFile; fileRef = 0C3E251925B93A2700618504 /* art.scnassets */; };
		0C3E251F25B93A2700618504 /* Main.storyboard in Resources */ = {isa = PBXBuildFile; fileRef = 0C3E251D25B93A2700618504 /* Main.storyboard */; };
		0C3E252125B93A2A00618504 /* Assets.xcassets in Resources */ = {isa = PBXBuildFile; fileRef = 0C3E252025B93A2A00618504 /* Assets.xcassets */; };
		0C3E252425B93A2A00618504 /* LaunchScreen.storyboard in Resources */ = {isa = PBXBuildFile; fileRef = 0C3E252225B93A2A00618504 /* LaunchScreen.storyboard */; };
		0C3E252F25B93A2A00618504 /* EchoDemoTests.swift in Sources */ = {isa = PBXBuildFile; fileRef = 0C3E252E25B93A2A00618504 /* EchoDemoTests.swift */; };
		0C3E253A25B93A2A00618504 /* EchoDemoUITests.swift in Sources */ = {isa = PBXBuildFile; fileRef = 0C3E253925B93A2A00618504 /* EchoDemoUITests.swift */; };
		0C3E255325BA24C900618504 /* EchoAR.swift in Sources */ = {isa = PBXBuildFile; fileRef = 0C3E255225BA24C900618504 /* EchoAR.swift */; };
		0C3E255825BA24D000618504 /* Entry.swift in Sources */ = {isa = PBXBuildFile; fileRef = 0C3E255725BA24D000618504 /* Entry.swift */; };
		0C3E255D25BA24D500618504 /* RemoteTransformation.swift in Sources */ = {isa = PBXBuildFile; fileRef = 0C3E255C25BA24D500618504 /* RemoteTransformation.swift */; };
		0C72989F25BB71AD0079C31D /* ViewController.swift in Sources */ = {isa = PBXBuildFile; fileRef = 0C72989E25BB71AD0079C31D /* ViewController.swift */; };
/* End PBXBuildFile section */

/* Begin PBXContainerItemProxy section */
		0C3E252B25B93A2A00618504 /* PBXContainerItemProxy */ = {
			isa = PBXContainerItemProxy;
			containerPortal = 0C3E250C25B93A2700618504 /* Project object */;
			proxyType = 1;
			remoteGlobalIDString = 0C3E251325B93A2700618504;
			remoteInfo = EchoDemo;
		};
		0C3E253625B93A2A00618504 /* PBXContainerItemProxy */ = {
			isa = PBXContainerItemProxy;
			containerPortal = 0C3E250C25B93A2700618504 /* Project object */;
			proxyType = 1;
			remoteGlobalIDString = 0C3E251325B93A2700618504;
			remoteInfo = EchoDemo;
		};
/* End PBXContainerItemProxy section */

/* Begin PBXFileReference section */
		0C3E251425B93A2700618504 /* EchoDemo.app */ = {isa = PBXFileReference; explicitFileType = wrapper.application; includeInIndex = 0; path = EchoDemo.app; sourceTree = BUILT_PRODUCTS_DIR; };
		0C3E251725B93A2700618504 /* AppDelegate.swift */ = {isa = PBXFileReference; lastKnownFileType = sourcecode.swift; path = AppDelegate.swift; sourceTree = "<group>"; };
		0C3E251925B93A2700618504 /* art.scnassets */ = {isa = PBXFileReference; lastKnownFileType = wrapper.scnassets; path = art.scnassets; sourceTree = "<group>"; };
		0C3E251E25B93A2700618504 /* Base */ = {isa = PBXFileReference; lastKnownFileType = file.storyboard; name = Base; path = Base.lproj/Main.storyboard; sourceTree = "<group>"; };
		0C3E252025B93A2A00618504 /* Assets.xcassets */ = {isa = PBXFileReference; lastKnownFileType = folder.assetcatalog; path = Assets.xcassets; sourceTree = "<group>"; };
		0C3E252325B93A2A00618504 /* Base */ = {isa = PBXFileReference; lastKnownFileType = file.storyboard; name = Base; path = Base.lproj/LaunchScreen.storyboard; sourceTree = "<group>"; };
		0C3E252525B93A2A00618504 /* Info.plist */ = {isa = PBXFileReference; lastKnownFileType = text.plist.xml; path = Info.plist; sourceTree = "<group>"; };
		0C3E252A25B93A2A00618504 /* EchoDemoTests.xctest */ = {isa = PBXFileReference; explicitFileType = wrapper.cfbundle; includeInIndex = 0; path = EchoDemoTests.xctest; sourceTree = BUILT_PRODUCTS_DIR; };
		0C3E252E25B93A2A00618504 /* EchoDemoTests.swift */ = {isa = PBXFileReference; lastKnownFileType = sourcecode.swift; path = EchoDemoTests.swift; sourceTree = "<group>"; };
		0C3E253025B93A2A00618504 /* Info.plist */ = {isa = PBXFileReference; lastKnownFileType = text.plist.xml; path = Info.plist; sourceTree = "<group>"; };
		0C3E253525B93A2A00618504 /* EchoDemoUITests.xctest */ = {isa = PBXFileReference; explicitFileType = wrapper.cfbundle; includeInIndex = 0; path = EchoDemoUITests.xctest; sourceTree = BUILT_PRODUCTS_DIR; };
		0C3E253925B93A2A00618504 /* EchoDemoUITests.swift */ = {isa = PBXFileReference; lastKnownFileType = sourcecode.swift; path = EchoDemoUITests.swift; sourceTree = "<group>"; };
		0C3E253B25B93A2A00618504 /* Info.plist */ = {isa = PBXFileReference; lastKnownFileType = text.plist.xml; path = Info.plist; sourceTree = "<group>"; };
		0C3E255225BA24C900618504 /* EchoAR.swift */ = {isa = PBXFileReference; fileEncoding = 4; lastKnownFileType = sourcecode.swift; path = EchoAR.swift; sourceTree = "<group>"; };
		0C3E255725BA24D000618504 /* Entry.swift */ = {isa = PBXFileReference; fileEncoding = 4; lastKnownFileType = sourcecode.swift; path = Entry.swift; sourceTree = "<group>"; };
		0C3E255C25BA24D500618504 /* RemoteTransformation.swift */ = {isa = PBXFileReference; fileEncoding = 4; lastKnownFileType = sourcecode.swift; path = RemoteTransformation.swift; sourceTree = "<group>"; };
		0C72989E25BB71AD0079C31D /* ViewController.swift */ = {isa = PBXFileReference; fileEncoding = 4; lastKnownFileType = sourcecode.swift; path = ViewController.swift; sourceTree = "<group>"; };
/* End PBXFileReference section */

/* Begin PBXFrameworksBuildPhase section */
		0C3E251125B93A2700618504 /* Frameworks */ = {
			isa = PBXFrameworksBuildPhase;
			buildActionMask = 2147483647;
			files = (
			);
			runOnlyForDeploymentPostprocessing = 0;
		};
		0C3E252725B93A2A00618504 /* Frameworks */ = {
			isa = PBXFrameworksBuildPhase;
			buildActionMask = 2147483647;
			files = (
			);
			runOnlyForDeploymentPostprocessing = 0;
		};
		0C3E253225B93A2A00618504 /* Frameworks */ = {
			isa = PBXFrameworksBuildPhase;
			buildActionMask = 2147483647;
			files = (
			);
			runOnlyForDeploymentPostprocessing = 0;
		};
/* End PBXFrameworksBuildPhase section */

/* Begin PBXGroup section */
		0C3E250B25B93A2700618504 = {
			isa = PBXGroup;
			children = (
				0C3E251625B93A2700618504 /* EchoDemo */,
				0C3E252D25B93A2A00618504 /* EchoDemoTests */,
				0C3E253825B93A2A00618504 /* EchoDemoUITests */,
				0C3E251525B93A2700618504 /* Products */,
			);
			sourceTree = "<group>";
		};
		0C3E251525B93A2700618504 /* Products */ = {
			isa = PBXGroup;
			children = (
				0C3E251425B93A2700618504 /* EchoDemo.app */,
				0C3E252A25B93A2A00618504 /* EchoDemoTests.xctest */,
				0C3E253525B93A2A00618504 /* EchoDemoUITests.xctest */,
			);
			name = Products;
			sourceTree = "<group>";
		};
		0C3E251625B93A2700618504 /* EchoDemo */ = {
			isa = PBXGroup;
			children = (
				0C3E251725B93A2700618504 /* AppDelegate.swift */,
				0C3E251925B93A2700618504 /* art.scnassets */,
				0C3E251D25B93A2700618504 /* Main.storyboard */,
				0C72989E25BB71AD0079C31D /* ViewController.swift */,
				0C3E255225BA24C900618504 /* EchoAR.swift */,
				0C3E252025B93A2A00618504 /* Assets.xcassets */,
				0C3E255C25BA24D500618504 /* RemoteTransformation.swift */,
				0C3E252225B93A2A00618504 /* LaunchScreen.storyboard */,
				0C3E255725BA24D000618504 /* Entry.swift */,
				0C3E252525B93A2A00618504 /* Info.plist */,
			);
			path = EchoDemo;
			sourceTree = "<group>";
		};
		0C3E252D25B93A2A00618504 /* EchoDemoTests */ = {
			isa = PBXGroup;
			children = (
				0C3E252E25B93A2A00618504 /* EchoDemoTests.swift */,
				0C3E253025B93A2A00618504 /* Info.plist */,
			);
			path = EchoDemoTests;
			sourceTree = "<group>";
		};
		0C3E253825B93A2A00618504 /* EchoDemoUITests */ = {
			isa = PBXGroup;
			children = (
				0C3E253925B93A2A00618504 /* EchoDemoUITests.swift */,
				0C3E253B25B93A2A00618504 /* Info.plist */,
			);
			path = EchoDemoUITests;
			sourceTree = "<group>";
		};
/* End PBXGroup section */

/* Begin PBXNativeTarget section */
		0C3E251325B93A2700618504 /* EchoDemo */ = {
			isa = PBXNativeTarget;
			buildConfigurationList = 0C3E253E25B93A2A00618504 /* Build configuration list for PBXNativeTarget "EchoDemo" */;
			buildPhases = (
				0C3E251025B93A2700618504 /* Sources */,
				0C3E251125B93A2700618504 /* Frameworks */,
				0C3E251225B93A2700618504 /* Resources */,
			);
			buildRules = (
			);
			dependencies = (
			);
			name = EchoDemo;
			productName = EchoDemo;
			productReference = 0C3E251425B93A2700618504 /* EchoDemo.app */;
			productType = "com.apple.product-type.application";
		};
		0C3E252925B93A2A00618504 /* EchoDemoTests */ = {
			isa = PBXNativeTarget;
			buildConfigurationList = 0C3E254125B93A2A00618504 /* Build configuration list for PBXNativeTarget "EchoDemoTests" */;
			buildPhases = (
				0C3E252625B93A2A00618504 /* Sources */,
				0C3E252725B93A2A00618504 /* Frameworks */,
				0C3E252825B93A2A00618504 /* Resources */,
			);
			buildRules = (
			);
			dependencies = (
				0C3E252C25B93A2A00618504 /* PBXTargetDependency */,
			);
			name = EchoDemoTests;
			productName = EchoDemoTests;
			productReference = 0C3E252A25B93A2A00618504 /* EchoDemoTests.xctest */;
			productType = "com.apple.product-type.bundle.unit-test";
		};
		0C3E253425B93A2A00618504 /* EchoDemoUITests */ = {
			isa = PBXNativeTarget;
			buildConfigurationList = 0C3E254425B93A2A00618504 /* Build configuration list for PBXNativeTarget "EchoDemoUITests" */;
			buildPhases = (
				0C3E253125B93A2A00618504 /* Sources */,
				0C3E253225B93A2A00618504 /* Frameworks */,
				0C3E253325B93A2A00618504 /* Resources */,
			);
			buildRules = (
			);
			dependencies = (
				0C3E253725B93A2A00618504 /* PBXTargetDependency */,
			);
			name = EchoDemoUITests;
			productName = EchoDemoUITests;
			productReference = 0C3E253525B93A2A00618504 /* EchoDemoUITests.xctest */;
			productType = "com.apple.product-type.bundle.ui-testing";
		};
/* End PBXNativeTarget section */

/* Begin PBXProject section */
		0C3E250C25B93A2700618504 /* Project object */ = {
			isa = PBXProject;
			attributes = {
				LastSwiftUpdateCheck = 1230;
				LastUpgradeCheck = 1230;
				TargetAttributes = {
					0C3E251325B93A2700618504 = {
						CreatedOnToolsVersion = 12.3;
					};
					0C3E252925B93A2A00618504 = {
						CreatedOnToolsVersion = 12.3;
						TestTargetID = 0C3E251325B93A2700618504;
					};
					0C3E253425B93A2A00618504 = {
						CreatedOnToolsVersion = 12.3;
						TestTargetID = 0C3E251325B93A2700618504;
					};
				};
			};
			buildConfigurationList = 0C3E250F25B93A2700618504 /* Build configuration list for PBXProject "EchoDemo" */;
			compatibilityVersion = "Xcode 9.3";
			developmentRegion = en;
			hasScannedForEncodings = 0;
			knownRegions = (
				en,
				Base,
			);
			mainGroup = 0C3E250B25B93A2700618504;
			productRefGroup = 0C3E251525B93A2700618504 /* Products */;
			projectDirPath = "";
			projectRoot = "";
			targets = (
				0C3E251325B93A2700618504 /* EchoDemo */,
				0C3E252925B93A2A00618504 /* EchoDemoTests */,
				0C3E253425B93A2A00618504 /* EchoDemoUITests */,
			);
		};
/* End PBXProject section */

/* Begin PBXResourcesBuildPhase section */
		0C3E251225B93A2700618504 /* Resources */ = {
			isa = PBXResourcesBuildPhase;
			buildActionMask = 2147483647;
			files = (
				0C3E251A25B93A2700618504 /* art.scnassets in Resources */,
				0C3E252425B93A2A00618504 /* LaunchScreen.storyboard in Resources */,
				0C3E252125B93A2A00618504 /* Assets.xcassets in Resources */,
				0C3E251F25B93A2700618504 /* Main.storyboard in Resources */,
			);
			runOnlyForDeploymentPostprocessing = 0;
		};
		0C3E252825B93A2A00618504 /* Resources */ = {
			isa = PBXResourcesBuildPhase;
			buildActionMask = 2147483647;
			files = (
			);
			runOnlyForDeploymentPostprocessing = 0;
		};
		0C3E253325B93A2A00618504 /* Resources */ = {
			isa = PBXResourcesBuildPhase;
			buildActionMask = 2147483647;
			files = (
			);
			runOnlyForDeploymentPostprocessing = 0;
		};
/* End PBXResourcesBuildPhase section */

/* Begin PBXSourcesBuildPhase section */
		0C3E251025B93A2700618504 /* Sources */ = {
			isa = PBXSourcesBuildPhase;
			buildActionMask = 2147483647;
			files = (
				0C72989F25BB71AD0079C31D /* ViewController.swift in Sources */,
				0C3E255825BA24D000618504 /* Entry.swift in Sources */,
				0C3E251825B93A2700618504 /* AppDelegate.swift in Sources */,
				0C3E255325BA24C900618504 /* EchoAR.swift in Sources */,
				0C3E255D25BA24D500618504 /* RemoteTransformation.swift in Sources */,
			);
			runOnlyForDeploymentPostprocessing = 0;
		};
		0C3E252625B93A2A00618504 /* Sources */ = {
			isa = PBXSourcesBuildPhase;
			buildActionMask = 2147483647;
			files = (
				0C3E252F25B93A2A00618504 /* EchoDemoTests.swift in Sources */,
			);
			runOnlyForDeploymentPostprocessing = 0;
		};
		0C3E253125B93A2A00618504 /* Sources */ = {
			isa = PBXSourcesBuildPhase;
			buildActionMask = 2147483647;
			files = (
				0C3E253A25B93A2A00618504 /* EchoDemoUITests.swift in Sources */,
			);
			runOnlyForDeploymentPostprocessing = 0;
		};
/* End PBXSourcesBuildPhase section */

/* Begin PBXTargetDependency section */
		0C3E252C25B93A2A00618504 /* PBXTargetDependency */ = {
			isa = PBXTargetDependency;
			target = 0C3E251325B93A2700618504 /* EchoDemo */;
			targetProxy = 0C3E252B25B93A2A00618504 /* PBXContainerItemProxy */;
		};
		0C3E253725B93A2A00618504 /* PBXTargetDependency */ = {
			isa = PBXTargetDependency;
			target = 0C3E251325B93A2700618504 /* EchoDemo */;
			targetProxy = 0C3E253625B93A2A00618504 /* PBXContainerItemProxy */;
		};
/* End PBXTargetDependency section */

/* Begin PBXVariantGroup section */
		0C3E251D25B93A2700618504 /* Main.storyboard */ = {
			isa = PBXVariantGroup;
			children = (
				0C3E251E25B93A2700618504 /* Base */,
			);
			name = Main.storyboard;
			sourceTree = "<group>";
		};
		0C3E252225B93A2A00618504 /* LaunchScreen.storyboard */ = {
			isa = PBXVariantGroup;
			children = (
				0C3E252325B93A2A00618504 /* Base */,
			);
			name = LaunchScreen.storyboard;
			sourceTree = "<group>";
		};
/* End PBXVariantGroup section */

/* Begin XCBuildConfiguration section */
		0C3E253C25B93A2A00618504 /* Debug */ = {
			isa = XCBuildConfiguration;
			buildSettings = {
				ALWAYS_SEARCH_USER_PATHS = NO;
				CLANG_ANALYZER_NONNULL = YES;
				CLANG_ANALYZER_NUMBER_OBJECT_CONVERSION = YES_AGGRESSIVE;
				CLANG_CXX_LANGUAGE_STANDARD = "gnu++14";
				CLANG_CXX_LIBRARY = "libc++";
				CLANG_ENABLE_MODULES = YES;
				CLANG_ENABLE_OBJC_ARC = YES;
				CLANG_ENABLE_OBJC_WEAK = YES;
				CLANG_WARN_BLOCK_CAPTURE_AUTORELEASING = YES;
				CLANG_WARN_BOOL_CONVERSION = YES;
				CLANG_WARN_COMMA = YES;
				CLANG_WARN_CONSTANT_CONVERSION = YES;
				CLANG_WARN_DEPRECATED_OBJC_IMPLEMENTATIONS = YES;
				CLANG_WARN_DIRECT_OBJC_ISA_USAGE = YES_ERROR;
				CLANG_WARN_DOCUMENTATION_COMMENTS = YES;
				CLANG_WARN_EMPTY_BODY = YES;
				CLANG_WARN_ENUM_CONVERSION = YES;
				CLANG_WARN_INFINITE_RECURSION = YES;
				CLANG_WARN_INT_CONVERSION = YES;
				CLANG_WARN_NON_LITERAL_NULL_CONVERSION = YES;
				CLANG_WARN_OBJC_IMPLICIT_RETAIN_SELF = YES;
				CLANG_WARN_OBJC_LITERAL_CONVERSION = YES;
				CLANG_WARN_OBJC_ROOT_CLASS = YES_ERROR;
				CLANG_WARN_QUOTED_INCLUDE_IN_FRAMEWORK_HEADER = YES;
				CLANG_WARN_RANGE_LOOP_ANALYSIS = YES;
				CLANG_WARN_STRICT_PROTOTYPES = YES;
				CLANG_WARN_SUSPICIOUS_MOVE = YES;
				CLANG_WARN_UNGUARDED_AVAILABILITY = YES_AGGRESSIVE;
				CLANG_WARN_UNREACHABLE_CODE = YES;
				CLANG_WARN__DUPLICATE_METHOD_MATCH = YES;
				COPY_PHASE_STRIP = NO;
				DEBUG_INFORMATION_FORMAT = dwarf;
				ENABLE_STRICT_OBJC_MSGSEND = YES;
				ENABLE_TESTABILITY = YES;
				GCC_C_LANGUAGE_STANDARD = gnu11;
				GCC_DYNAMIC_NO_PIC = NO;
				GCC_NO_COMMON_BLOCKS = YES;
				GCC_OPTIMIZATION_LEVEL = 0;
				GCC_PREPROCESSOR_DEFINITIONS = (
					"DEBUG=1",
					"$(inherited)",
				);
				GCC_WARN_64_TO_32_BIT_CONVERSION = YES;
				GCC_WARN_ABOUT_RETURN_TYPE = YES_ERROR;
				GCC_WARN_UNDECLARED_SELECTOR = YES;
				GCC_WARN_UNINITIALIZED_AUTOS = YES_AGGRESSIVE;
				GCC_WARN_UNUSED_FUNCTION = YES;
				GCC_WARN_UNUSED_VARIABLE = YES;
				IPHONEOS_DEPLOYMENT_TARGET = 14.3;
				MTL_ENABLE_DEBUG_INFO = INCLUDE_SOURCE;
				MTL_FAST_MATH = YES;
				ONLY_ACTIVE_ARCH = YES;
				SDKROOT = iphoneos;
				SWIFT_ACTIVE_COMPILATION_CONDITIONS = DEBUG;
				SWIFT_OPTIMIZATION_LEVEL = "-Onone";
			};
			name = Debug;
		};
		0C3E253D25B93A2A00618504 /* Release */ = {
			isa = XCBuildConfiguration;
			buildSettings = {
				ALWAYS_SEARCH_USER_PATHS = NO;
				CLANG_ANALYZER_NONNULL = YES;
				CLANG_ANALYZER_NUMBER_OBJECT_CONVERSION = YES_AGGRESSIVE;
				CLANG_CXX_LANGUAGE_STANDARD = "gnu++14";
				CLANG_CXX_LIBRARY = "libc++";
				CLANG_ENABLE_MODULES = YES;
				CLANG_ENABLE_OBJC_ARC = YES;
				CLANG_ENABLE_OBJC_WEAK = YES;
				CLANG_WARN_BLOCK_CAPTURE_AUTORELEASING = YES;
				CLANG_WARN_BOOL_CONVERSION = YES;
				CLANG_WARN_COMMA = YES;
				CLANG_WARN_CONSTANT_CONVERSION = YES;
				CLANG_WARN_DEPRECATED_OBJC_IMPLEMENTATIONS = YES;
				CLANG_WARN_DIRECT_OBJC_ISA_USAGE = YES_ERROR;
				CLANG_WARN_DOCUMENTATION_COMMENTS = YES;
				CLANG_WARN_EMPTY_BODY = YES;
				CLANG_WARN_ENUM_CONVERSION = YES;
				CLANG_WARN_INFINITE_RECURSION = YES;
				CLANG_WARN_INT_CONVERSION = YES;
				CLANG_WARN_NON_LITERAL_NULL_CONVERSION = YES;
				CLANG_WARN_OBJC_IMPLICIT_RETAIN_SELF = YES;
				CLANG_WARN_OBJC_LITERAL_CONVERSION = YES;
				CLANG_WARN_OBJC_ROOT_CLASS = YES_ERROR;
				CLANG_WARN_QUOTED_INCLUDE_IN_FRAMEWORK_HEADER = YES;
				CLANG_WARN_RANGE_LOOP_ANALYSIS = YES;
				CLANG_WARN_STRICT_PROTOTYPES = YES;
				CLANG_WARN_SUSPICIOUS_MOVE = YES;
				CLANG_WARN_UNGUARDED_AVAILABILITY = YES_AGGRESSIVE;
				CLANG_WARN_UNREACHABLE_CODE = YES;
				CLANG_WARN__DUPLICATE_METHOD_MATCH = YES;
				COPY_PHASE_STRIP = NO;
				DEBUG_INFORMATION_FORMAT = "dwarf-with-dsym";
				ENABLE_NS_ASSERTIONS = NO;
				ENABLE_STRICT_OBJC_MSGSEND = YES;
				GCC_C_LANGUAGE_STANDARD = gnu11;
				GCC_NO_COMMON_BLOCKS = YES;
				GCC_WARN_64_TO_32_BIT_CONVERSION = YES;
				GCC_WARN_ABOUT_RETURN_TYPE = YES_ERROR;
				GCC_WARN_UNDECLARED_SELECTOR = YES;
				GCC_WARN_UNINITIALIZED_AUTOS = YES_AGGRESSIVE;
				GCC_WARN_UNUSED_FUNCTION = YES;
				GCC_WARN_UNUSED_VARIABLE = YES;
				IPHONEOS_DEPLOYMENT_TARGET = 14.3;
				MTL_ENABLE_DEBUG_INFO = NO;
				MTL_FAST_MATH = YES;
				SDKROOT = iphoneos;
				SWIFT_COMPILATION_MODE = wholemodule;
				SWIFT_OPTIMIZATION_LEVEL = "-O";
				VALIDATE_PRODUCT = YES;
			};
			name = Release;
		};
		0C3E253F25B93A2A00618504 /* Debug */ = {
			isa = XCBuildConfiguration;
			buildSettings = {
				ASSETCATALOG_COMPILER_APPICON_NAME = AppIcon;
				ASSETCATALOG_COMPILER_GLOBAL_ACCENT_COLOR_NAME = AccentColor;
				CODE_SIGN_STYLE = Automatic;
				DEVELOPMENT_TEAM = 3D6B6X6WYV;
				INFOPLIST_FILE = EchoDemo/Info.plist;
				LD_RUNPATH_SEARCH_PATHS = (
					"$(inherited)",
					"@executable_path/Frameworks",
				);
				PRODUCT_BUNDLE_IDENTIFIER = app.EchoDemo;
				PRODUCT_NAME = "$(TARGET_NAME)";
				SWIFT_VERSION = 5.0;
				TARGETED_DEVICE_FAMILY = "1,2";
			};
			name = Debug;
		};
		0C3E254025B93A2A00618504 /* Release */ = {
			isa = XCBuildConfiguration;
			buildSettings = {
				ASSETCATALOG_COMPILER_APPICON_NAME = AppIcon;
				ASSETCATALOG_COMPILER_GLOBAL_ACCENT_COLOR_NAME = AccentColor;
				CODE_SIGN_STYLE = Automatic;
				DEVELOPMENT_TEAM = 3D6B6X6WYV;
				INFOPLIST_FILE = EchoDemo/Info.plist;
				LD_RUNPATH_SEARCH_PATHS = (
					"$(inherited)",
					"@executable_path/Frameworks",
				);
				PRODUCT_BUNDLE_IDENTIFIER = app.EchoDemo;
				PRODUCT_NAME = "$(TARGET_NAME)";
				SWIFT_VERSION = 5.0;
				TARGETED_DEVICE_FAMILY = "1,2";
			};
			name = Release;
		};
		0C3E254225B93A2A00618504 /* Debug */ = {
			isa = XCBuildConfiguration;
			buildSettings = {
				ALWAYS_EMBED_SWIFT_STANDARD_LIBRARIES = YES;
				BUNDLE_LOADER = "$(TEST_HOST)";
				CODE_SIGN_STYLE = Automatic;
				DEVELOPMENT_TEAM = 3D6B6X6WYV;
				INFOPLIST_FILE = EchoDemoTests/Info.plist;
				IPHONEOS_DEPLOYMENT_TARGET = 14.3;
				LD_RUNPATH_SEARCH_PATHS = (
					"$(inherited)",
					"@executable_path/Frameworks",
					"@loader_path/Frameworks",
				);
				PRODUCT_BUNDLE_IDENTIFIER = app.EchoDemoTests;
				PRODUCT_NAME = "$(TARGET_NAME)";
				SWIFT_VERSION = 5.0;
				TARGETED_DEVICE_FAMILY = "1,2";
				TEST_HOST = "$(BUILT_PRODUCTS_DIR)/EchoDemo.app/EchoDemo";
			};
			name = Debug;
		};
		0C3E254325B93A2A00618504 /* Release */ = {
			isa = XCBuildConfiguration;
			buildSettings = {
				ALWAYS_EMBED_SWIFT_STANDARD_LIBRARIES = YES;
				BUNDLE_LOADER = "$(TEST_HOST)";
				CODE_SIGN_STYLE = Automatic;
				DEVELOPMENT_TEAM = 3D6B6X6WYV;
				INFOPLIST_FILE = EchoDemoTests/Info.plist;
				IPHONEOS_DEPLOYMENT_TARGET = 14.3;
				LD_RUNPATH_SEARCH_PATHS = (
					"$(inherited)",
					"@executable_path/Frameworks",
					"@loader_path/Frameworks",
				);
				PRODUCT_BUNDLE_IDENTIFIER = app.EchoDemoTests;
				PRODUCT_NAME = "$(TARGET_NAME)";
				SWIFT_VERSION = 5.0;
				TARGETED_DEVICE_FAMILY = "1,2";
				TEST_HOST = "$(BUILT_PRODUCTS_DIR)/EchoDemo.app/EchoDemo";
			};
			name = Release;
		};
		0C3E254525B93A2A00618504 /* Debug */ = {
			isa = XCBuildConfiguration;
			buildSettings = {
				ALWAYS_EMBED_SWIFT_STANDARD_LIBRARIES = YES;
				CODE_SIGN_STYLE = Automatic;
				DEVELOPMENT_TEAM = 3D6B6X6WYV;
				INFOPLIST_FILE = EchoDemoUITests/Info.plist;
				LD_RUNPATH_SEARCH_PATHS = (
					"$(inherited)",
					"@executable_path/Frameworks",
					"@loader_path/Frameworks",
				);
				PRODUCT_BUNDLE_IDENTIFIER = app.EchoDemoUITests;
				PRODUCT_NAME = "$(TARGET_NAME)";
				SWIFT_VERSION = 5.0;
				TARGETED_DEVICE_FAMILY = "1,2";
				TEST_TARGET_NAME = EchoDemo;
			};
			name = Debug;
		};
		0C3E254625B93A2A00618504 /* Release */ = {
			isa = XCBuildConfiguration;
			buildSettings = {
				ALWAYS_EMBED_SWIFT_STANDARD_LIBRARIES = YES;
				CODE_SIGN_STYLE = Automatic;
				DEVELOPMENT_TEAM = 3D6B6X6WYV;
				INFOPLIST_FILE = EchoDemoUITests/Info.plist;
				LD_RUNPATH_SEARCH_PATHS = (
					"$(inherited)",
					"@executable_path/Frameworks",
					"@loader_path/Frameworks",
				);
				PRODUCT_BUNDLE_IDENTIFIER = app.EchoDemoUITests;
				PRODUCT_NAME = "$(TARGET_NAME)";
				SWIFT_VERSION = 5.0;
				TARGETED_DEVICE_FAMILY = "1,2";
				TEST_TARGET_NAME = EchoDemo;
			};
			name = Release;
		};
/* End XCBuildConfiguration section */

/* Begin XCConfigurationList section */
		0C3E250F25B93A2700618504 /* Build configuration list for PBXProject "EchoDemo" */ = {
			isa = XCConfigurationList;
			buildConfigurations = (
				0C3E253C25B93A2A00618504 /* Debug */,
				0C3E253D25B93A2A00618504 /* Release */,
			);
			defaultConfigurationIsVisible = 0;
			defaultConfigurationName = Release;
		};
		0C3E253E25B93A2A00618504 /* Build configuration list for PBXNativeTarget "EchoDemo" */ = {
			isa = XCConfigurationList;
			buildConfigurations = (
				0C3E253F25B93A2A00618504 /* Debug */,
				0C3E254025B93A2A00618504 /* Release */,
			);
			defaultConfigurationIsVisible = 0;
			defaultConfigurationName = Release;
		};
		0C3E254125B93A2A00618504 /* Build configuration list for PBXNativeTarget "EchoDemoTests" */ = {
			isa = XCConfigurationList;
			buildConfigurations = (
				0C3E254225B93A2A00618504 /* Debug */,
				0C3E254325B93A2A00618504 /* Release */,
			);
			defaultConfigurationIsVisible = 0;
			defaultConfigurationName = Release;
		};
		0C3E254425B93A2A00618504 /* Build configuration list for PBXNativeTarget "EchoDemoUITests" */ = {
			isa = XCConfigurationList;
			buildConfigurations = (
				0C3E254525B93A2A00618504 /* Debug */,
				0C3E254625B93A2A00618504 /* Release */,
			);
			defaultConfigurationIsVisible = 0;
			defaultConfigurationName = Release;
		};
/* End XCConfigurationList section */
	};
	rootObject = 0C3E250C25B93A2700618504 /* Project object */;
}
